// !$*UTF8*$!
{
	archiveVersion = 1;
	classes = {
	};
	objectVersion = 55;
	objects = {

/* Begin PBXBuildFile section */
		23B0449B299DB70A008CD957 /* WalkTestTests.swift in Sources */ = {isa = PBXBuildFile; fileRef = 23B0449A299DB70A008CD957 /* WalkTestTests.swift */; };
		23DA6D3129ADC1E7007A6B73 /* UtahAppSetup.swift in Sources */ = {isa = PBXBuildFile; fileRef = 23DA6D3029ADC1E7007A6B73 /* UtahAppSetup.swift */; };
		277B0AAF2A3109E5001312BC /* Spezi in Frameworks */ = {isa = PBXBuildFile; productRef = 277B0AAE2A3109E5001312BC /* Spezi */; };
		277B0AB42A310A10001312BC /* SpeziHealthKit in Frameworks */ = {isa = PBXBuildFile; productRef = 277B0AB32A310A10001312BC /* SpeziHealthKit */; };
		277B0AB72A310A36001312BC /* SpeziQuestionnaire in Frameworks */ = {isa = PBXBuildFile; productRef = 277B0AB62A310A36001312BC /* SpeziQuestionnaire */; };
		277B0ABA2A310A51001312BC /* SpeziScheduler in Frameworks */ = {isa = PBXBuildFile; productRef = 277B0AB92A310A51001312BC /* SpeziScheduler */; };
		277B0ABD2A310AA5001312BC /* SpeziFHIR in Frameworks */ = {isa = PBXBuildFile; productRef = 277B0ABC2A310AA5001312BC /* SpeziFHIR */; };
		277B0ABF2A310AA5001312BC /* SpeziFHIRMockDataStorageProvider in Frameworks */ = {isa = PBXBuildFile; productRef = 277B0ABE2A310AA5001312BC /* SpeziFHIRMockDataStorageProvider */; };
		277B0AC22A310AC8001312BC /* SpeziFirebaseAccount in Frameworks */ = {isa = PBXBuildFile; productRef = 277B0AC12A310AC8001312BC /* SpeziFirebaseAccount */; };
		277B0AC42A310AC8001312BC /* SpeziFirebaseConfiguration in Frameworks */ = {isa = PBXBuildFile; productRef = 277B0AC32A310AC8001312BC /* SpeziFirebaseConfiguration */; };
		277B0AC62A310AC8001312BC /* SpeziFirestore in Frameworks */ = {isa = PBXBuildFile; productRef = 277B0AC52A310AC8001312BC /* SpeziFirestore */; };
		277B0AC82A310AC8001312BC /* SpeziFirestorePrefixUserIdAdapter in Frameworks */ = {isa = PBXBuildFile; productRef = 277B0AC72A310AC8001312BC /* SpeziFirestorePrefixUserIdAdapter */; };
		277B0ACB2A310AE9001312BC /* SpeziOnboarding in Frameworks */ = {isa = PBXBuildFile; productRef = 277B0ACA2A310AE8001312BC /* SpeziOnboarding */; };
		277B0ACE2A310B00001312BC /* SpeziLocalStorage in Frameworks */ = {isa = PBXBuildFile; productRef = 277B0ACD2A310B00001312BC /* SpeziLocalStorage */; };
		277B0AD02A310B00001312BC /* SpeziSecureStorage in Frameworks */ = {isa = PBXBuildFile; productRef = 277B0ACF2A310B00001312BC /* SpeziSecureStorage */; };
		277B0AD32A310B25001312BC /* SpeziViews in Frameworks */ = {isa = PBXBuildFile; productRef = 277B0AD22A310B25001312BC /* SpeziViews */; };
		277B0AD62A310C60001312BC /* SpeziFHIRToFirestoreAdapter in Frameworks */ = {isa = PBXBuildFile; productRef = 277B0AD52A310C60001312BC /* SpeziFHIRToFirestoreAdapter */; };
		277B0AD92A310C77001312BC /* SpeziAccount in Frameworks */ = {isa = PBXBuildFile; productRef = 277B0AD82A310C77001312BC /* SpeziAccount */; };
		277B0ADC2A310FD8001312BC /* SpeziHealthKitToFHIRAdapter in Frameworks */ = {isa = PBXBuildFile; productRef = 277B0ADB2A310FD8001312BC /* SpeziHealthKitToFHIRAdapter */; };
		27A40B962A31F16E00B9DA45 /* XCTestExtensions in Frameworks */ = {isa = PBXBuildFile; productRef = 27A40B952A31F16E00B9DA45 /* XCTestExtensions */; };
		27A40B992A31F17B00B9DA45 /* XCTHealthKit in Frameworks */ = {isa = PBXBuildFile; productRef = 27A40B982A31F17B00B9DA45 /* XCTHealthKit */; };
		27A7B3E829A7B2C8000B32B4 /* GoogleService-Info.plist in Resources */ = {isa = PBXBuildFile; fileRef = 27A7B3E729A7B2C8000B32B4 /* GoogleService-Info.plist */; };
		27BC3A3F2A31F2D3009495C3 /* FirebaseAuth in Frameworks */ = {isa = PBXBuildFile; productRef = 27BC3A3E2A31F2D3009495C3 /* FirebaseAuth */; };
		27BC3A412A31F2D3009495C3 /* FirebaseFirestore in Frameworks */ = {isa = PBXBuildFile; productRef = 27BC3A402A31F2D3009495C3 /* FirebaseFirestore */; };
		27BC3A432A31F2D3009495C3 /* FirebaseFirestoreSwift in Frameworks */ = {isa = PBXBuildFile; productRef = 27BC3A422A31F2D3009495C3 /* FirebaseFirestoreSwift */; };
		27BC3A452A31F2D3009495C3 /* FirebaseStorage in Frameworks */ = {isa = PBXBuildFile; productRef = 27BC3A442A31F2D3009495C3 /* FirebaseStorage */; };
		2F4E237E2989A2FE0013F3D9 /* OnboardingTests.swift in Sources */ = {isa = PBXBuildFile; fileRef = 2F4E237D2989A2FE0013F3D9 /* OnboardingTests.swift */; };
		2F4E23832989D51F0013F3D9 /* UtahAppTestingSetup.swift in Sources */ = {isa = PBXBuildFile; fileRef = 2F4E23822989D51F0013F3D9 /* UtahAppTestingSetup.swift */; };
		2F59B941298C628800C5107F /* UtahOnboardingFlow in Frameworks */ = {isa = PBXBuildFile; productRef = 2F59B940298C628800C5107F /* UtahOnboardingFlow */; };
		2F59B943298C628800C5107F /* UtahSchedule in Frameworks */ = {isa = PBXBuildFile; productRef = 2F59B942298C628800C5107F /* UtahSchedule */; };
		2F59B945298C628800C5107F /* UtahSharedContext in Frameworks */ = {isa = PBXBuildFile; productRef = 2F59B944298C628800C5107F /* UtahSharedContext */; };
		2F5E32BD297E05EA003432F8 /* UtahAppDelegate.swift in Sources */ = {isa = PBXBuildFile; fileRef = 2F5E32BC297E05EA003432F8 /* UtahAppDelegate.swift */; };
		2FC9759F2978E39600BA99FE /* Localizable.strings in Resources */ = {isa = PBXBuildFile; fileRef = 2FC9759E2978E39600BA99FE /* Localizable.strings */; };
		2FC975A82978F11A00BA99FE /* Home.swift in Sources */ = {isa = PBXBuildFile; fileRef = 2FC975A72978F11A00BA99FE /* Home.swift */; };
		4DB139682BAB74F700E919B8 /* FHIRQuestionnaires in Frameworks */ = {isa = PBXBuildFile; productRef = 4DB139672BAB74F700E919B8 /* FHIRQuestionnaires */; };
		4DB1396A2BAB74F700E919B8 /* ResearchKitOnFHIR in Frameworks */ = {isa = PBXBuildFile; productRef = 4DB139692BAB74F700E919B8 /* ResearchKitOnFHIR */; };
		653A2551283387FE005D4D48 /* Utah.swift in Sources */ = {isa = PBXBuildFile; fileRef = 653A2550283387FE005D4D48 /* Utah.swift */; };
		653A255528338800005D4D48 /* Assets.xcassets in Resources */ = {isa = PBXBuildFile; fileRef = 653A255428338800005D4D48 /* Assets.xcassets */; };
		653A256228338800005D4D48 /* UtahTests.swift in Sources */ = {isa = PBXBuildFile; fileRef = 653A256128338800005D4D48 /* UtahTests.swift */; };
		653A256C28338800005D4D48 /* SchedulerAndQuestionnaireTests.swift in Sources */ = {isa = PBXBuildFile; fileRef = 653A256B28338800005D4D48 /* SchedulerAndQuestionnaireTests.swift */; };
		93CD053729A0430400CC9DFB /* ResearchKit in Frameworks */ = {isa = PBXBuildFile; productRef = 93CD053629A0430400CC9DFB /* ResearchKit */; };
		93E00344298DC9EB00D6E494 /* UtahProfile in Frameworks */ = {isa = PBXBuildFile; productRef = 93E00343298DC9EB00D6E494 /* UtahProfile */; };
		93E00346298DCF6400D6E494 /* UtahTrends in Frameworks */ = {isa = PBXBuildFile; productRef = 93E00345298DCF6400D6E494 /* UtahTrends */; };
		93E00349298DFA8200D6E494 /* ProfileTests.swift in Sources */ = {isa = PBXBuildFile; fileRef = 93E00348298DFA8200D6E494 /* ProfileTests.swift */; };
		93E0034B298DFAF200D6E494 /* TrendsTests.swift in Sources */ = {isa = PBXBuildFile; fileRef = 93E0034A298DFAF200D6E494 /* TrendsTests.swift */; };
/* End PBXBuildFile section */

/* Begin PBXContainerItemProxy section */
		653A255E28338800005D4D48 /* PBXContainerItemProxy */ = {
			isa = PBXContainerItemProxy;
			containerPortal = 653A2545283387FE005D4D48 /* Project object */;
			proxyType = 1;
			remoteGlobalIDString = 653A254C283387FE005D4D48;
			remoteInfo = Blance;
		};
		653A256828338800005D4D48 /* PBXContainerItemProxy */ = {
			isa = PBXContainerItemProxy;
			containerPortal = 653A2545283387FE005D4D48 /* Project object */;
			proxyType = 1;
			remoteGlobalIDString = 653A254C283387FE005D4D48;
			remoteInfo = Blance;
		};
/* End PBXContainerItemProxy section */

/* Begin PBXFileReference section */
		23B0449A299DB70A008CD957 /* WalkTestTests.swift */ = {isa = PBXFileReference; lastKnownFileType = sourcecode.swift; path = WalkTestTests.swift; sourceTree = "<group>"; };
		23DA6D3029ADC1E7007A6B73 /* UtahAppSetup.swift */ = {isa = PBXFileReference; lastKnownFileType = sourcecode.swift; path = UtahAppSetup.swift; sourceTree = "<group>"; };
		27A7B3E729A7B2C8000B32B4 /* GoogleService-Info.plist */ = {isa = PBXFileReference; fileEncoding = 4; lastKnownFileType = text.plist.xml; path = "GoogleService-Info.plist"; sourceTree = "<group>"; };
		2F49B77329803E8F00BCB272 /* UtahModules */ = {isa = PBXFileReference; lastKnownFileType = wrapper; path = UtahModules; sourceTree = "<group>"; };
		2F4E237D2989A2FE0013F3D9 /* OnboardingTests.swift */ = {isa = PBXFileReference; lastKnownFileType = sourcecode.swift; path = OnboardingTests.swift; sourceTree = "<group>"; };
		2F4E23822989D51F0013F3D9 /* UtahAppTestingSetup.swift */ = {isa = PBXFileReference; lastKnownFileType = sourcecode.swift; path = UtahAppTestingSetup.swift; sourceTree = "<group>"; };
		2F5E32BC297E05EA003432F8 /* UtahAppDelegate.swift */ = {isa = PBXFileReference; lastKnownFileType = sourcecode.swift; path = UtahAppDelegate.swift; sourceTree = "<group>"; };
		2FAEC07F297F583900C11C42 /* Utah.entitlements */ = {isa = PBXFileReference; lastKnownFileType = text.plist.entitlements; path = Utah.entitlements; sourceTree = "<group>"; };
		2FC94CD4298B0A1D009C8209 /* Utah.xctestplan */ = {isa = PBXFileReference; lastKnownFileType = text; path = Utah.xctestplan; sourceTree = "<group>"; };
		2FC9759E2978E39600BA99FE /* Localizable.strings */ = {isa = PBXFileReference; lastKnownFileType = text.plist.strings; path = Localizable.strings; sourceTree = "<group>"; };
		2FC975A72978F11A00BA99FE /* Home.swift */ = {isa = PBXFileReference; lastKnownFileType = sourcecode.swift; path = Home.swift; sourceTree = "<group>"; };
		653A254D283387FE005D4D48 /* U-STEP.app */ = {isa = PBXFileReference; explicitFileType = wrapper.application; includeInIndex = 0; path = "U-STEP.app"; sourceTree = BUILT_PRODUCTS_DIR; };
		653A2550283387FE005D4D48 /* Utah.swift */ = {isa = PBXFileReference; lastKnownFileType = sourcecode.swift; path = Utah.swift; sourceTree = "<group>"; };
		653A255428338800005D4D48 /* Assets.xcassets */ = {isa = PBXFileReference; lastKnownFileType = folder.assetcatalog; path = Assets.xcassets; sourceTree = "<group>"; };
		653A255D28338800005D4D48 /* UtahTests.xctest */ = {isa = PBXFileReference; explicitFileType = wrapper.cfbundle; includeInIndex = 0; path = UtahTests.xctest; sourceTree = BUILT_PRODUCTS_DIR; };
		653A256128338800005D4D48 /* UtahTests.swift */ = {isa = PBXFileReference; lastKnownFileType = sourcecode.swift; path = UtahTests.swift; sourceTree = "<group>"; };
		653A256728338800005D4D48 /* UtahUITests.xctest */ = {isa = PBXFileReference; explicitFileType = wrapper.cfbundle; includeInIndex = 0; path = UtahUITests.xctest; sourceTree = BUILT_PRODUCTS_DIR; };
		653A256B28338800005D4D48 /* SchedulerAndQuestionnaireTests.swift */ = {isa = PBXFileReference; lastKnownFileType = sourcecode.swift; path = SchedulerAndQuestionnaireTests.swift; sourceTree = "<group>"; };
		653A258928339462005D4D48 /* Info.plist */ = {isa = PBXFileReference; lastKnownFileType = text.plist.xml; path = Info.plist; sourceTree = "<group>"; };
		93CD054929A9634D00CC9DFB /* UtahDebug.entitlements */ = {isa = PBXFileReference; lastKnownFileType = text.plist.entitlements; path = UtahDebug.entitlements; sourceTree = "<group>"; };
		93E00348298DFA8200D6E494 /* ProfileTests.swift */ = {isa = PBXFileReference; fileEncoding = 4; lastKnownFileType = sourcecode.swift; path = ProfileTests.swift; sourceTree = "<group>"; };
		93E0034A298DFAF200D6E494 /* TrendsTests.swift */ = {isa = PBXFileReference; fileEncoding = 4; lastKnownFileType = sourcecode.swift; path = TrendsTests.swift; sourceTree = "<group>"; };
/* End PBXFileReference section */

/* Begin PBXFrameworksBuildPhase section */
		653A254A283387FE005D4D48 /* Frameworks */ = {
			isa = PBXFrameworksBuildPhase;
			buildActionMask = 2147483647;
			files = (
				277B0AB72A310A36001312BC /* SpeziQuestionnaire in Frameworks */,
				277B0ADC2A310FD8001312BC /* SpeziHealthKitToFHIRAdapter in Frameworks */,
				277B0AC42A310AC8001312BC /* SpeziFirebaseConfiguration in Frameworks */,
				2F59B941298C628800C5107F /* UtahOnboardingFlow in Frameworks */,
				93CD053729A0430400CC9DFB /* ResearchKit in Frameworks */,
				2F59B945298C628800C5107F /* UtahSharedContext in Frameworks */,
				277B0AD62A310C60001312BC /* SpeziFHIRToFirestoreAdapter in Frameworks */,
				27BC3A432A31F2D3009495C3 /* FirebaseFirestoreSwift in Frameworks */,
				27BC3A3F2A31F2D3009495C3 /* FirebaseAuth in Frameworks */,
				277B0AB42A310A10001312BC /* SpeziHealthKit in Frameworks */,
				277B0AC82A310AC8001312BC /* SpeziFirestorePrefixUserIdAdapter in Frameworks */,
				277B0ABA2A310A51001312BC /* SpeziScheduler in Frameworks */,
				277B0AD02A310B00001312BC /* SpeziSecureStorage in Frameworks */,
				93E00344298DC9EB00D6E494 /* UtahProfile in Frameworks */,
				277B0AD92A310C77001312BC /* SpeziAccount in Frameworks */,
				277B0ABF2A310AA5001312BC /* SpeziFHIRMockDataStorageProvider in Frameworks */,
				93E00346298DCF6400D6E494 /* UtahTrends in Frameworks */,
				4DB139682BAB74F700E919B8 /* FHIRQuestionnaires in Frameworks */,
				277B0ABD2A310AA5001312BC /* SpeziFHIR in Frameworks */,
				277B0ACB2A310AE9001312BC /* SpeziOnboarding in Frameworks */,
				277B0AAF2A3109E5001312BC /* Spezi in Frameworks */,
				27BC3A452A31F2D3009495C3 /* FirebaseStorage in Frameworks */,
				277B0AC22A310AC8001312BC /* SpeziFirebaseAccount in Frameworks */,
				2F59B943298C628800C5107F /* UtahSchedule in Frameworks */,
				277B0AC62A310AC8001312BC /* SpeziFirestore in Frameworks */,
				277B0ACE2A310B00001312BC /* SpeziLocalStorage in Frameworks */,
				4DB1396A2BAB74F700E919B8 /* ResearchKitOnFHIR in Frameworks */,
				27BC3A412A31F2D3009495C3 /* FirebaseFirestore in Frameworks */,
				277B0AD32A310B25001312BC /* SpeziViews in Frameworks */,
			);
			runOnlyForDeploymentPostprocessing = 0;
		};
		653A255A28338800005D4D48 /* Frameworks */ = {
			isa = PBXFrameworksBuildPhase;
			buildActionMask = 2147483647;
			files = (
			);
			runOnlyForDeploymentPostprocessing = 0;
		};
		653A256428338800005D4D48 /* Frameworks */ = {
			isa = PBXFrameworksBuildPhase;
			buildActionMask = 2147483647;
			files = (
				27A40B962A31F16E00B9DA45 /* XCTestExtensions in Frameworks */,
				27A40B992A31F17B00B9DA45 /* XCTHealthKit in Frameworks */,
			);
			runOnlyForDeploymentPostprocessing = 0;
		};
/* End PBXFrameworksBuildPhase section */

/* Begin PBXGroup section */
		2FC9759D2978E30800BA99FE /* Supporting Files */ = {
			isa = PBXGroup;
			children = (
				2FAEC07F297F583900C11C42 /* Utah.entitlements */,
				653A258928339462005D4D48 /* Info.plist */,
				27A7B3E729A7B2C8000B32B4 /* GoogleService-Info.plist */,
				653A255428338800005D4D48 /* Assets.xcassets */,
				2FC9759E2978E39600BA99FE /* Localizable.strings */,
			);
			path = "Supporting Files";
			sourceTree = "<group>";
		};
		653A2544283387FE005D4D48 = {
			isa = PBXGroup;
			children = (
				2FC94CD4298B0A1D009C8209 /* Utah.xctestplan */,
				2F49B77329803E8F00BCB272 /* UtahModules */,
				653A254F283387FE005D4D48 /* Utah */,
				653A256028338800005D4D48 /* UtahTests */,
				653A256A28338800005D4D48 /* UtahUITests */,
				653A254E283387FE005D4D48 /* Products */,
				653A258B283395A7005D4D48 /* Frameworks */,
			);
			sourceTree = "<group>";
		};
		653A254E283387FE005D4D48 /* Products */ = {
			isa = PBXGroup;
			children = (
				653A254D283387FE005D4D48 /* U-STEP.app */,
				653A255D28338800005D4D48 /* UtahTests.xctest */,
				653A256728338800005D4D48 /* UtahUITests.xctest */,
			);
			name = Products;
			sourceTree = "<group>";
		};
		653A254F283387FE005D4D48 /* Utah */ = {
			isa = PBXGroup;
			children = (
				93CD054929A9634D00CC9DFB /* UtahDebug.entitlements */,
				653A2550283387FE005D4D48 /* Utah.swift */,
				2F5E32BC297E05EA003432F8 /* UtahAppDelegate.swift */,
				2F4E23822989D51F0013F3D9 /* UtahAppTestingSetup.swift */,
				2FC975A72978F11A00BA99FE /* Home.swift */,
				23DA6D3029ADC1E7007A6B73 /* UtahAppSetup.swift */,
				2FC9759D2978E30800BA99FE /* Supporting Files */,
			);
			path = Utah;
			sourceTree = "<group>";
		};
		653A256028338800005D4D48 /* UtahTests */ = {
			isa = PBXGroup;
			children = (
				653A256128338800005D4D48 /* UtahTests.swift */,
			);
			path = UtahTests;
			sourceTree = "<group>";
		};
		653A256A28338800005D4D48 /* UtahUITests */ = {
			isa = PBXGroup;
			children = (
				2F4E237D2989A2FE0013F3D9 /* OnboardingTests.swift */,
				653A256B28338800005D4D48 /* SchedulerAndQuestionnaireTests.swift */,
				93E00348298DFA8200D6E494 /* ProfileTests.swift */,
				93E0034A298DFAF200D6E494 /* TrendsTests.swift */,
				23B0449A299DB70A008CD957 /* WalkTestTests.swift */,
			);
			path = UtahUITests;
			sourceTree = "<group>";
		};
		653A258B283395A7005D4D48 /* Frameworks */ = {
			isa = PBXGroup;
			children = (
			);
			name = Frameworks;
			sourceTree = "<group>";
		};
/* End PBXGroup section */

/* Begin PBXNativeTarget section */
		653A254C283387FE005D4D48 /* U-STEP */ = {
			isa = PBXNativeTarget;
			buildConfigurationList = 653A257128338800005D4D48 /* Build configuration list for PBXNativeTarget "U-STEP" */;
			buildPhases = (
				653A2549283387FE005D4D48 /* Sources */,
				653A254A283387FE005D4D48 /* Frameworks */,
				653A254B283387FE005D4D48 /* Resources */,
				2FDB275529AEB74B0084C7DF /* ShellScript */,
			);
			buildRules = (
			);
			dependencies = (
			);
			name = "U-STEP";
			packageProductDependencies = (
				2F59B940298C628800C5107F /* UtahOnboardingFlow */,
				2F59B942298C628800C5107F /* UtahSchedule */,
				2F59B944298C628800C5107F /* UtahSharedContext */,
				93E00343298DC9EB00D6E494 /* UtahProfile */,
				93E00345298DCF6400D6E494 /* UtahTrends */,
				93CD053629A0430400CC9DFB /* ResearchKit */,
				277B0AAE2A3109E5001312BC /* Spezi */,
				277B0AB32A310A10001312BC /* SpeziHealthKit */,
				277B0AB62A310A36001312BC /* SpeziQuestionnaire */,
				277B0AB92A310A51001312BC /* SpeziScheduler */,
				277B0ABC2A310AA5001312BC /* SpeziFHIR */,
				277B0ABE2A310AA5001312BC /* SpeziFHIRMockDataStorageProvider */,
				277B0AC12A310AC8001312BC /* SpeziFirebaseAccount */,
				277B0AC32A310AC8001312BC /* SpeziFirebaseConfiguration */,
				277B0AC52A310AC8001312BC /* SpeziFirestore */,
				277B0AC72A310AC8001312BC /* SpeziFirestorePrefixUserIdAdapter */,
				277B0ACA2A310AE8001312BC /* SpeziOnboarding */,
				277B0ACD2A310B00001312BC /* SpeziLocalStorage */,
				277B0ACF2A310B00001312BC /* SpeziSecureStorage */,
				277B0AD22A310B25001312BC /* SpeziViews */,
				277B0AD52A310C60001312BC /* SpeziFHIRToFirestoreAdapter */,
				277B0AD82A310C77001312BC /* SpeziAccount */,
				277B0ADB2A310FD8001312BC /* SpeziHealthKitToFHIRAdapter */,
				27BC3A3E2A31F2D3009495C3 /* FirebaseAuth */,
				27BC3A402A31F2D3009495C3 /* FirebaseFirestore */,
				27BC3A422A31F2D3009495C3 /* FirebaseFirestoreSwift */,
				27BC3A442A31F2D3009495C3 /* FirebaseStorage */,
				4DB139672BAB74F700E919B8 /* FHIRQuestionnaires */,
				4DB139692BAB74F700E919B8 /* ResearchKitOnFHIR */,
			);
			productName = UtahApplication;
			productReference = 653A254D283387FE005D4D48 /* U-STEP.app */;
			productType = "com.apple.product-type.application";
		};
		653A255C28338800005D4D48 /* UtahTests */ = {
			isa = PBXNativeTarget;
			buildConfigurationList = 653A257428338800005D4D48 /* Build configuration list for PBXNativeTarget "UtahTests" */;
			buildPhases = (
				653A255928338800005D4D48 /* Sources */,
				653A255A28338800005D4D48 /* Frameworks */,
				653A255B28338800005D4D48 /* Resources */,
			);
			buildRules = (
			);
			dependencies = (
				653A255F28338800005D4D48 /* PBXTargetDependency */,
			);
			name = UtahTests;
			productName = UtahApplicationTests;
			productReference = 653A255D28338800005D4D48 /* UtahTests.xctest */;
			productType = "com.apple.product-type.bundle.unit-test";
		};
		653A256628338800005D4D48 /* UtahUITests */ = {
			isa = PBXNativeTarget;
			buildConfigurationList = 653A257728338800005D4D48 /* Build configuration list for PBXNativeTarget "UtahUITests" */;
			buildPhases = (
				653A256328338800005D4D48 /* Sources */,
				653A256428338800005D4D48 /* Frameworks */,
				653A256528338800005D4D48 /* Resources */,
			);
			buildRules = (
			);
			dependencies = (
				653A256928338800005D4D48 /* PBXTargetDependency */,
			);
			name = UtahUITests;
			packageProductDependencies = (
				27A40B952A31F16E00B9DA45 /* XCTestExtensions */,
				27A40B982A31F17B00B9DA45 /* XCTHealthKit */,
			);
			productName = UtahApplicationUITests;
			productReference = 653A256728338800005D4D48 /* UtahUITests.xctest */;
			productType = "com.apple.product-type.bundle.ui-testing";
		};
/* End PBXNativeTarget section */

/* Begin PBXProject section */
		653A2545283387FE005D4D48 /* Project object */ = {
			isa = PBXProject;
			attributes = {
				BuildIndependentTargetsInParallel = 1;
				LastSwiftUpdateCheck = 1340;
				LastUpgradeCheck = 1420;
				TargetAttributes = {
					653A254C283387FE005D4D48 = {
						CreatedOnToolsVersion = 13.4;
					};
					653A255C28338800005D4D48 = {
						CreatedOnToolsVersion = 13.4;
						TestTargetID = 653A254C283387FE005D4D48;
					};
					653A256628338800005D4D48 = {
						CreatedOnToolsVersion = 13.4;
						TestTargetID = 653A254C283387FE005D4D48;
					};
				};
			};
			buildConfigurationList = 653A2548283387FE005D4D48 /* Build configuration list for PBXProject "Utah" */;
			compatibilityVersion = "Xcode 13.0";
			developmentRegion = en;
			hasScannedForEncodings = 0;
			knownRegions = (
				en,
				Base,
			);
			mainGroup = 653A2544283387FE005D4D48;
			packageReferences = (
				93CD053529A0430400CC9DFB /* XCRemoteSwiftPackageReference "ResearchKit" */,
				277B0AAD2A3109E5001312BC /* XCRemoteSwiftPackageReference "Spezi" */,
				277B0AB22A310A10001312BC /* XCRemoteSwiftPackageReference "SpeziHealthKit" */,
				277B0AB52A310A36001312BC /* XCRemoteSwiftPackageReference "SpeziQuestionnaire" */,
				277B0AB82A310A51001312BC /* XCRemoteSwiftPackageReference "SpeziScheduler" */,
				277B0ABB2A310AA5001312BC /* XCRemoteSwiftPackageReference "SpeziFHIR" */,
				277B0AC02A310AC8001312BC /* XCRemoteSwiftPackageReference "SpeziFirebase" */,
				277B0AC92A310AE8001312BC /* XCRemoteSwiftPackageReference "SpeziOnboarding" */,
				277B0ACC2A310B00001312BC /* XCRemoteSwiftPackageReference "SpeziStorage" */,
				277B0AD12A310B24001312BC /* XCRemoteSwiftPackageReference "SpeziViews" */,
				277B0AD42A310C5F001312BC /* XCRemoteSwiftPackageReference "SpeziFHIRtoFirestoreAdapter" */,
				277B0AD72A310C77001312BC /* XCRemoteSwiftPackageReference "SpeziAccount" */,
				277B0ADA2A310FD8001312BC /* XCRemoteSwiftPackageReference "SpeziHealthKitToFHIRAdapter" */,
				27A40B942A31F16E00B9DA45 /* XCRemoteSwiftPackageReference "XCTestExtensions" */,
				27A40B972A31F17B00B9DA45 /* XCRemoteSwiftPackageReference "XCTHealthKit" */,
				27BC3A3D2A31F2D3009495C3 /* XCRemoteSwiftPackageReference "firebase-ios-sdk" */,
				4DB139662BAB74F700E919B8 /* XCRemoteSwiftPackageReference "ResearchKitOnFHIR" */,
			);
			productRefGroup = 653A254E283387FE005D4D48 /* Products */;
			projectDirPath = "";
			projectRoot = "";
			targets = (
				653A254C283387FE005D4D48 /* U-STEP */,
				653A255C28338800005D4D48 /* UtahTests */,
				653A256628338800005D4D48 /* UtahUITests */,
			);
		};
/* End PBXProject section */

/* Begin PBXResourcesBuildPhase section */
		653A254B283387FE005D4D48 /* Resources */ = {
			isa = PBXResourcesBuildPhase;
			buildActionMask = 2147483647;
			files = (
				653A255528338800005D4D48 /* Assets.xcassets in Resources */,
				2FC9759F2978E39600BA99FE /* Localizable.strings in Resources */,
				27A7B3E829A7B2C8000B32B4 /* GoogleService-Info.plist in Resources */,
			);
			runOnlyForDeploymentPostprocessing = 0;
		};
		653A255B28338800005D4D48 /* Resources */ = {
			isa = PBXResourcesBuildPhase;
			buildActionMask = 2147483647;
			files = (
			);
			runOnlyForDeploymentPostprocessing = 0;
		};
		653A256528338800005D4D48 /* Resources */ = {
			isa = PBXResourcesBuildPhase;
			buildActionMask = 2147483647;
			files = (
			);
			runOnlyForDeploymentPostprocessing = 0;
		};
/* End PBXResourcesBuildPhase section */

/* Begin PBXShellScriptBuildPhase section */
		2FDB275529AEB74B0084C7DF /* ShellScript */ = {
			isa = PBXShellScriptBuildPhase;
			alwaysOutOfDate = 1;
			buildActionMask = 2147483647;
			files = (
			);
			inputFileListPaths = (
			);
			inputPaths = (
			);
			outputFileListPaths = (
			);
			outputPaths = (
			);
			runOnlyForDeploymentPostprocessing = 0;
			shellPath = /bin/sh;
			shellScript = "if [ \"${CONFIGURATION}\" = \"Debug\" ]; then\n  export PATH=\"$PATH:/opt/homebrew/bin\"\n  if which swiftlint > /dev/null; then\n    swiftlint\n  else\n    echo \"warning: SwiftLint not installed, download from https://github.com/realm/SwiftLint\"\n  fi\nfi\n";
		};
/* End PBXShellScriptBuildPhase section */

/* Begin PBXSourcesBuildPhase section */
		653A2549283387FE005D4D48 /* Sources */ = {
			isa = PBXSourcesBuildPhase;
			buildActionMask = 2147483647;
			files = (
				23DA6D3129ADC1E7007A6B73 /* UtahAppSetup.swift in Sources */,
				2FC975A82978F11A00BA99FE /* Home.swift in Sources */,
				2F4E23832989D51F0013F3D9 /* UtahAppTestingSetup.swift in Sources */,
				2F5E32BD297E05EA003432F8 /* UtahAppDelegate.swift in Sources */,
				653A2551283387FE005D4D48 /* Utah.swift in Sources */,
			);
			runOnlyForDeploymentPostprocessing = 0;
		};
		653A255928338800005D4D48 /* Sources */ = {
			isa = PBXSourcesBuildPhase;
			buildActionMask = 2147483647;
			files = (
				653A256228338800005D4D48 /* UtahTests.swift in Sources */,
			);
			runOnlyForDeploymentPostprocessing = 0;
		};
		653A256328338800005D4D48 /* Sources */ = {
			isa = PBXSourcesBuildPhase;
			buildActionMask = 2147483647;
			files = (
				93E0034B298DFAF200D6E494 /* TrendsTests.swift in Sources */,
				23B0449B299DB70A008CD957 /* WalkTestTests.swift in Sources */,
				2F4E237E2989A2FE0013F3D9 /* OnboardingTests.swift in Sources */,
				93E00349298DFA8200D6E494 /* ProfileTests.swift in Sources */,
				653A256C28338800005D4D48 /* SchedulerAndQuestionnaireTests.swift in Sources */,
			);
			runOnlyForDeploymentPostprocessing = 0;
		};
/* End PBXSourcesBuildPhase section */

/* Begin PBXTargetDependency section */
		653A255F28338800005D4D48 /* PBXTargetDependency */ = {
			isa = PBXTargetDependency;
			target = 653A254C283387FE005D4D48 /* U-STEP */;
			targetProxy = 653A255E28338800005D4D48 /* PBXContainerItemProxy */;
		};
		653A256928338800005D4D48 /* PBXTargetDependency */ = {
			isa = PBXTargetDependency;
			target = 653A254C283387FE005D4D48 /* U-STEP */;
			targetProxy = 653A256828338800005D4D48 /* PBXContainerItemProxy */;
		};
/* End PBXTargetDependency section */

/* Begin XCBuildConfiguration section */
		653A256F28338800005D4D48 /* Debug */ = {
			isa = XCBuildConfiguration;
			buildSettings = {
				ALWAYS_SEARCH_USER_PATHS = NO;
				CLANG_ANALYZER_NONNULL = YES;
				CLANG_ANALYZER_NUMBER_OBJECT_CONVERSION = YES_AGGRESSIVE;
				CLANG_CXX_LANGUAGE_STANDARD = "compiler-default";
				CLANG_ENABLE_MODULES = YES;
				CLANG_ENABLE_OBJC_ARC = YES;
				CLANG_ENABLE_OBJC_WEAK = YES;
				CLANG_WARN_BLOCK_CAPTURE_AUTORELEASING = YES;
				CLANG_WARN_BOOL_CONVERSION = YES;
				CLANG_WARN_COMMA = YES;
				CLANG_WARN_CONSTANT_CONVERSION = YES;
				CLANG_WARN_DEPRECATED_OBJC_IMPLEMENTATIONS = YES;
				CLANG_WARN_DIRECT_OBJC_ISA_USAGE = YES_ERROR;
				CLANG_WARN_DOCUMENTATION_COMMENTS = YES;
				CLANG_WARN_EMPTY_BODY = YES;
				CLANG_WARN_ENUM_CONVERSION = YES;
				CLANG_WARN_INFINITE_RECURSION = YES;
				CLANG_WARN_INT_CONVERSION = YES;
				CLANG_WARN_NON_LITERAL_NULL_CONVERSION = YES;
				CLANG_WARN_OBJC_IMPLICIT_RETAIN_SELF = YES;
				CLANG_WARN_OBJC_LITERAL_CONVERSION = YES;
				CLANG_WARN_OBJC_ROOT_CLASS = YES_ERROR;
				CLANG_WARN_QUOTED_INCLUDE_IN_FRAMEWORK_HEADER = YES;
				CLANG_WARN_RANGE_LOOP_ANALYSIS = YES;
				CLANG_WARN_STRICT_PROTOTYPES = YES;
				CLANG_WARN_SUSPICIOUS_MOVE = YES;
				CLANG_WARN_UNGUARDED_AVAILABILITY = YES_AGGRESSIVE;
				CLANG_WARN_UNREACHABLE_CODE = YES;
				CLANG_WARN__DUPLICATE_METHOD_MATCH = YES;
				COPY_PHASE_STRIP = NO;
				DEBUG_INFORMATION_FORMAT = dwarf;
				ENABLE_STRICT_OBJC_MSGSEND = YES;
				ENABLE_TESTABILITY = YES;
				GCC_C_LANGUAGE_STANDARD = gnu11;
				GCC_DYNAMIC_NO_PIC = NO;
				GCC_NO_COMMON_BLOCKS = YES;
				GCC_OPTIMIZATION_LEVEL = 0;
				GCC_PREPROCESSOR_DEFINITIONS = (
					"DEBUG=1",
					"$(inherited)",
				);
				GCC_WARN_64_TO_32_BIT_CONVERSION = YES;
				GCC_WARN_ABOUT_RETURN_TYPE = YES_ERROR;
				GCC_WARN_UNDECLARED_SELECTOR = YES;
				GCC_WARN_UNINITIALIZED_AUTOS = YES_AGGRESSIVE;
				GCC_WARN_UNUSED_FUNCTION = YES;
				GCC_WARN_UNUSED_VARIABLE = YES;
				INFOPLIST_KEY_CFBundleDisplayName = "";
				IPHONEOS_DEPLOYMENT_TARGET = 16.2;
				MTL_ENABLE_DEBUG_INFO = INCLUDE_SOURCE;
				MTL_FAST_MATH = YES;
				ONLY_ACTIVE_ARCH = YES;
				SDKROOT = iphoneos;
				SWIFT_ACTIVE_COMPILATION_CONDITIONS = DEBUG;
				SWIFT_OPTIMIZATION_LEVEL = "-Onone";
			};
			name = Debug;
		};
		653A257028338800005D4D48 /* Release */ = {
			isa = XCBuildConfiguration;
			buildSettings = {
				ALWAYS_SEARCH_USER_PATHS = NO;
				CLANG_ANALYZER_NONNULL = YES;
				CLANG_ANALYZER_NUMBER_OBJECT_CONVERSION = YES_AGGRESSIVE;
				CLANG_CXX_LANGUAGE_STANDARD = "compiler-default";
				CLANG_ENABLE_MODULES = YES;
				CLANG_ENABLE_OBJC_ARC = YES;
				CLANG_ENABLE_OBJC_WEAK = YES;
				CLANG_WARN_BLOCK_CAPTURE_AUTORELEASING = YES;
				CLANG_WARN_BOOL_CONVERSION = YES;
				CLANG_WARN_COMMA = YES;
				CLANG_WARN_CONSTANT_CONVERSION = YES;
				CLANG_WARN_DEPRECATED_OBJC_IMPLEMENTATIONS = YES;
				CLANG_WARN_DIRECT_OBJC_ISA_USAGE = YES_ERROR;
				CLANG_WARN_DOCUMENTATION_COMMENTS = YES;
				CLANG_WARN_EMPTY_BODY = YES;
				CLANG_WARN_ENUM_CONVERSION = YES;
				CLANG_WARN_INFINITE_RECURSION = YES;
				CLANG_WARN_INT_CONVERSION = YES;
				CLANG_WARN_NON_LITERAL_NULL_CONVERSION = YES;
				CLANG_WARN_OBJC_IMPLICIT_RETAIN_SELF = YES;
				CLANG_WARN_OBJC_LITERAL_CONVERSION = YES;
				CLANG_WARN_OBJC_ROOT_CLASS = YES_ERROR;
				CLANG_WARN_QUOTED_INCLUDE_IN_FRAMEWORK_HEADER = YES;
				CLANG_WARN_RANGE_LOOP_ANALYSIS = YES;
				CLANG_WARN_STRICT_PROTOTYPES = YES;
				CLANG_WARN_SUSPICIOUS_MOVE = YES;
				CLANG_WARN_UNGUARDED_AVAILABILITY = YES_AGGRESSIVE;
				CLANG_WARN_UNREACHABLE_CODE = YES;
				CLANG_WARN__DUPLICATE_METHOD_MATCH = YES;
				COPY_PHASE_STRIP = NO;
				DEBUG_INFORMATION_FORMAT = "dwarf-with-dsym";
				ENABLE_NS_ASSERTIONS = NO;
				ENABLE_STRICT_OBJC_MSGSEND = YES;
				GCC_C_LANGUAGE_STANDARD = gnu11;
				GCC_NO_COMMON_BLOCKS = YES;
				GCC_OPTIMIZATION_LEVEL = 0;
				GCC_WARN_64_TO_32_BIT_CONVERSION = YES;
				GCC_WARN_ABOUT_RETURN_TYPE = YES_ERROR;
				GCC_WARN_UNDECLARED_SELECTOR = YES;
				GCC_WARN_UNINITIALIZED_AUTOS = YES_AGGRESSIVE;
				GCC_WARN_UNUSED_FUNCTION = YES;
				GCC_WARN_UNUSED_VARIABLE = YES;
				INFOPLIST_KEY_CFBundleDisplayName = "";
				IPHONEOS_DEPLOYMENT_TARGET = 16.2;
				MTL_ENABLE_DEBUG_INFO = NO;
				MTL_FAST_MATH = YES;
				SDKROOT = iphoneos;
				SWIFT_OPTIMIZATION_LEVEL = "-Onone";
				VALIDATE_PRODUCT = YES;
			};
			name = Release;
		};
		653A257228338800005D4D48 /* Debug */ = {
			isa = XCBuildConfiguration;
			buildSettings = {
				ASSETCATALOG_COMPILER_APPICON_NAME = AppIcon;
				ASSETCATALOG_COMPILER_GLOBAL_ACCENT_COLOR_NAME = AccentColor;
				CODE_SIGN_ENTITLEMENTS = Utah/UtahDebug.entitlements;
				CODE_SIGN_IDENTITY = "Apple Development";
				"CODE_SIGN_IDENTITY[sdk=iphoneos*]" = "iPhone Distribution";
				CODE_SIGN_STYLE = Manual;
				CURRENT_PROJECT_VERSION = 2;
				DEVELOPMENT_ASSET_PATHS = "";
				DEVELOPMENT_TEAM = "";
				"DEVELOPMENT_TEAM[sdk=iphoneos*]" = WUGMLAU6NB;
				ENABLE_PREVIEWS = YES;
				GENERATE_INFOPLIST_FILE = YES;
				INFOPLIST_FILE = "Utah/Supporting Files/Info.plist";
				INFOPLIST_KEY_CFBundleDisplayName = "U-STEP";
				INFOPLIST_KEY_NSCameraUsageDescription = "This message should never appear. Please adjust this when you start using camera information. We have to put this in here as ResearchKit has the possibility to use it and not putting it here returns an error on AppStore Connect.";
				INFOPLIST_KEY_NSHealthShareUsageDescription = "The U-STEP Application tracks step count to help you monitor how your health outcomes may change with your daily activity levels.";
				INFOPLIST_KEY_NSHealthUpdateUsageDescription = "The U-STEP Application tracks step count to help you monitor how your health outcomes may change with your daily activity levels.";
				INFOPLIST_KEY_NSLocationAlwaysAndWhenInUseUsageDescription = "This message should never appear. Please adjust this when you start using location information. We have to put this in here as ResearchKit has the possibility to use it and not putting it here returns an error on AppStore Connect.";
				INFOPLIST_KEY_NSLocationWhenInUseUsageDescription = "This message should never appear. Please adjust this when you start using location information. We have to put this in here as ResearchKit has the possibility to use it and not putting it here returns an error on AppStore Connect.";
				INFOPLIST_KEY_NSMicrophoneUsageDescription = "This message should never appear. Please adjust this when you start using microphone information. We have to put this in here as ResearchKit has the possibility to use it and not putting it here returns an error on AppStore Connect.";
				INFOPLIST_KEY_NSMotionUsageDescription = "The U-STEP Application tracks motion data to help you monitor how your health outcomes may change with your daily activity levels.";
				INFOPLIST_KEY_NSSpeechRecognitionUsageDescription = "This message should never appear. Please adjust this when you start using speecg information. We have to put this in here as ResearchKit has the possibility to use it and not putting it here returns an error on AppStore Connect.";
				INFOPLIST_KEY_UILaunchScreen_Generation = YES;
				INFOPLIST_KEY_UISupportedInterfaceOrientations = UIInterfaceOrientationPortrait;
				INFOPLIST_KEY_UISupportedInterfaceOrientations_iPad = "UIInterfaceOrientationLandscapeLeft UIInterfaceOrientationLandscapeRight UIInterfaceOrientationPortrait UIInterfaceOrientationPortraitUpsideDown";
				INFOPLIST_KEY_UITemplateApplicationlicationSceneManifest_Generation = YES;
				INFOPLIST_KEY_UITemplateApplicationlicationSupportsIndirectInputEvents = YES;
				INFOPLIST_KEY_UIUserInterfaceStyle = Light;
				IPHONEOS_DEPLOYMENT_TARGET = 16.2;
				LD_RUNPATH_SEARCH_PATHS = (
					"$(inherited)",
					"@executable_path/Frameworks",
				);
				MARKETING_VERSION = 1.1;
				NEW_SETTING = "";
				NEW_SETTING1 = "";
				PRODUCT_BUNDLE_IDENTIFIER = edu.utah.ustep;
				PRODUCT_NAME = "$(TARGET_NAME)";
				PROVISIONING_PROFILE_SPECIFIER = "";
				"PROVISIONING_PROFILE_SPECIFIER[sdk=iphoneos*]" = "UofU U-STEP Distribution";
				SUPPORTED_PLATFORMS = "iphoneos iphonesimulator";
				SUPPORTS_MACCATALYST = NO;
				SUPPORTS_MAC_DESIGNED_FOR_IPHONE_IPAD = NO;
				"SWIFT_ELicenseRef-TemplateApplication_LOC_STRINGS" = YES;
				SWIFT_VERSION = 5.0;
				TARGETED_DEVICE_FAMILY = 1;
			};
			name = Debug;
		};
		653A257328338800005D4D48 /* Release */ = {
			isa = XCBuildConfiguration;
			buildSettings = {
				ASSETCATALOG_COMPILER_APPICON_NAME = AppIcon;
				ASSETCATALOG_COMPILER_GLOBAL_ACCENT_COLOR_NAME = AccentColor;
				CODE_SIGN_ENTITLEMENTS = "Utah/Supporting Files/Utah.entitlements";
				CODE_SIGN_IDENTITY = "Apple Development";
				"CODE_SIGN_IDENTITY[sdk=iphoneos*]" = "iPhone Distribution";
				CODE_SIGN_STYLE = Manual;
				CURRENT_PROJECT_VERSION = 2;
				DEVELOPMENT_ASSET_PATHS = "";
				DEVELOPMENT_TEAM = "";
				"DEVELOPMENT_TEAM[sdk=iphoneos*]" = WUGMLAU6NB;
				ENABLE_PREVIEWS = YES;
				GENERATE_INFOPLIST_FILE = YES;
				INFOPLIST_FILE = "Utah/Supporting Files/Info.plist";
				INFOPLIST_KEY_CFBundleDisplayName = "U-STEP";
				INFOPLIST_KEY_NSCameraUsageDescription = "This message should never appear. Please adjust this when you start using camera information. We have to put this in here as ResearchKit has the possibility to use it and not putting it here returns an error on AppStore Connect.";
				INFOPLIST_KEY_NSHealthShareUsageDescription = "The U-STEP Application tracks step count to help you monitor how your health outcomes may change with your daily activity levels.";
				INFOPLIST_KEY_NSHealthUpdateUsageDescription = "The U-STEP Application tracks step count to help you monitor how your health outcomes may change with your daily activity levels.";
				INFOPLIST_KEY_NSLocationAlwaysAndWhenInUseUsageDescription = "This message should never appear. Please adjust this when you start using location information. We have to put this in here as ResearchKit has the possibility to use it and not putting it here returns an error on AppStore Connect.";
				INFOPLIST_KEY_NSLocationWhenInUseUsageDescription = "This message should never appear. Please adjust this when you start using location information. We have to put this in here as ResearchKit has the possibility to use it and not putting it here returns an error on AppStore Connect.";
				INFOPLIST_KEY_NSMicrophoneUsageDescription = "This message should never appear. Please adjust this when you start using microphone information. We have to put this in here as ResearchKit has the possibility to use it and not putting it here returns an error on AppStore Connect.";
				INFOPLIST_KEY_NSMotionUsageDescription = "The U-STEP Application tracks motion data to help you monitor how your health outcomes may change with your daily activity levels.";
				INFOPLIST_KEY_NSSpeechRecognitionUsageDescription = "This message should never appear. Please adjust this when you start using speecg information. We have to put this in here as ResearchKit has the possibility to use it and not putting it here returns an error on AppStore Connect.";
				INFOPLIST_KEY_UILaunchScreen_Generation = YES;
				INFOPLIST_KEY_UISupportedInterfaceOrientations = UIInterfaceOrientationPortrait;
				INFOPLIST_KEY_UISupportedInterfaceOrientations_iPad = "UIInterfaceOrientationLandscapeLeft UIInterfaceOrientationLandscapeRight UIInterfaceOrientationPortrait UIInterfaceOrientationPortraitUpsideDown";
				INFOPLIST_KEY_UITemplateApplicationlicationSceneManifest_Generation = YES;
				INFOPLIST_KEY_UITemplateApplicationlicationSupportsIndirectInputEvents = YES;
				INFOPLIST_KEY_UIUserInterfaceStyle = Light;
				IPHONEOS_DEPLOYMENT_TARGET = 16.2;
				LD_RUNPATH_SEARCH_PATHS = (
					"$(inherited)",
					"@executable_path/Frameworks",
				);
				MARKETING_VERSION = 1.1;
				NEW_SETTING = "";
				NEW_SETTING1 = "";
				PRODUCT_BUNDLE_IDENTIFIER = edu.utah.ustep;
				PRODUCT_NAME = "$(TARGET_NAME)";
				PROVISIONING_PROFILE_SPECIFIER = "";
				"PROVISIONING_PROFILE_SPECIFIER[sdk=iphoneos*]" = "UofU U-STEP Distribution";
				SUPPORTED_PLATFORMS = "iphoneos iphonesimulator";
				SUPPORTS_MACCATALYST = NO;
				SUPPORTS_MAC_DESIGNED_FOR_IPHONE_IPAD = NO;
				"SWIFT_ELicenseRef-TemplateApplication_LOC_STRINGS" = YES;
				SWIFT_VERSION = 5.0;
				TARGETED_DEVICE_FAMILY = 1;
			};
			name = Release;
		};
		653A257528338800005D4D48 /* Debug */ = {
			isa = XCBuildConfiguration;
			buildSettings = {
				ALWAYS_EMBED_SWIFT_STANDARD_LIBRARIES = YES;
				BUNDLE_LOADER = "$(TEST_HOST)";
				CODE_SIGN_STYLE = Automatic;
				CURRENT_PROJECT_VERSION = 1;
				DEVELOPMENT_TEAM = 637867499T;
				GENERATE_INFOPLIST_FILE = YES;
				IPHONEOS_DEPLOYMENT_TARGET = 16.2;
				MARKETING_VERSION = 1.0;
				PRODUCT_BUNDLE_IDENTIFIER = edu.stanford.cs342.2023.utah.tests;
				PRODUCT_NAME = "$(TARGET_NAME)";
				"SWIFT_ELicenseRef-TemplateApplication_LOC_STRINGS" = NO;
				SWIFT_VERSION = 5.0;
				TARGETED_DEVICE_FAMILY = "1,2";
				TEST_HOST = "$(BUILT_PRODUCTS_DIR)/Utah.app/Utah";
			};
			name = Debug;
		};
		653A257628338800005D4D48 /* Release */ = {
			isa = XCBuildConfiguration;
			buildSettings = {
				ALWAYS_EMBED_SWIFT_STANDARD_LIBRARIES = YES;
				BUNDLE_LOADER = "$(TEST_HOST)";
				CODE_SIGN_STYLE = Automatic;
				CURRENT_PROJECT_VERSION = 1;
				DEVELOPMENT_TEAM = 637867499T;
				GENERATE_INFOPLIST_FILE = YES;
				IPHONEOS_DEPLOYMENT_TARGET = 16.2;
				MARKETING_VERSION = 1.0;
				PRODUCT_BUNDLE_IDENTIFIER = edu.stanford.cs342.2023.utah.tests;
				PRODUCT_NAME = "$(TARGET_NAME)";
				"SWIFT_ELicenseRef-TemplateApplication_LOC_STRINGS" = NO;
				SWIFT_VERSION = 5.0;
				TARGETED_DEVICE_FAMILY = "1,2";
				TEST_HOST = "$(BUILT_PRODUCTS_DIR)/Utah.app/Utah";
			};
			name = Release;
		};
		653A257828338800005D4D48 /* Debug */ = {
			isa = XCBuildConfiguration;
			buildSettings = {
				ALWAYS_EMBED_SWIFT_STANDARD_LIBRARIES = YES;
				CODE_SIGN_STYLE = Automatic;
				CURRENT_PROJECT_VERSION = 1;
				DEVELOPMENT_TEAM = 637867499T;
				GENERATE_INFOPLIST_FILE = YES;
				IPHONEOS_DEPLOYMENT_TARGET = 16.2;
				MARKETING_VERSION = 1.0;
				PRODUCT_BUNDLE_IDENTIFIER = edu.stanford.cs342.2023.utah.uitests;
				PRODUCT_NAME = "$(TARGET_NAME)";
				"SWIFT_ELicenseRef-TemplateApplication_LOC_STRINGS" = NO;
				SWIFT_VERSION = 5.0;
				TARGETED_DEVICE_FAMILY = "1,2";
				TEST_TARGET_NAME = Utah;
			};
			name = Debug;
		};
		653A257928338800005D4D48 /* Release */ = {
			isa = XCBuildConfiguration;
			buildSettings = {
				ALWAYS_EMBED_SWIFT_STANDARD_LIBRARIES = YES;
				CODE_SIGN_STYLE = Automatic;
				CURRENT_PROJECT_VERSION = 1;
				DEVELOPMENT_TEAM = 637867499T;
				GENERATE_INFOPLIST_FILE = YES;
				IPHONEOS_DEPLOYMENT_TARGET = 16.2;
				MARKETING_VERSION = 1.0;
				PRODUCT_BUNDLE_IDENTIFIER = edu.stanford.cs342.2023.utah.uitests;
				PRODUCT_NAME = "$(TARGET_NAME)";
				"SWIFT_ELicenseRef-TemplateApplication_LOC_STRINGS" = NO;
				SWIFT_VERSION = 5.0;
				TARGETED_DEVICE_FAMILY = "1,2";
				TEST_TARGET_NAME = Utah;
			};
			name = Release;
		};
		93E0034C298F381100D6E494 /* Testing */ = {
			isa = XCBuildConfiguration;
			buildSettings = {
				ALWAYS_SEARCH_USER_PATHS = NO;
				CLANG_ANALYZER_NONNULL = YES;
				CLANG_ANALYZER_NUMBER_OBJECT_CONVERSION = YES_AGGRESSIVE;
				CLANG_CXX_LANGUAGE_STANDARD = "compiler-default";
				CLANG_ENABLE_MODULES = YES;
				CLANG_ENABLE_OBJC_ARC = YES;
				CLANG_ENABLE_OBJC_WEAK = YES;
				CLANG_WARN_BLOCK_CAPTURE_AUTORELEASING = YES;
				CLANG_WARN_BOOL_CONVERSION = YES;
				CLANG_WARN_COMMA = YES;
				CLANG_WARN_CONSTANT_CONVERSION = YES;
				CLANG_WARN_DEPRECATED_OBJC_IMPLEMENTATIONS = YES;
				CLANG_WARN_DIRECT_OBJC_ISA_USAGE = YES_ERROR;
				CLANG_WARN_DOCUMENTATION_COMMENTS = YES;
				CLANG_WARN_EMPTY_BODY = YES;
				CLANG_WARN_ENUM_CONVERSION = YES;
				CLANG_WARN_INFINITE_RECURSION = YES;
				CLANG_WARN_INT_CONVERSION = YES;
				CLANG_WARN_NON_LITERAL_NULL_CONVERSION = YES;
				CLANG_WARN_OBJC_IMPLICIT_RETAIN_SELF = YES;
				CLANG_WARN_OBJC_LITERAL_CONVERSION = YES;
				CLANG_WARN_OBJC_ROOT_CLASS = YES_ERROR;
				CLANG_WARN_QUOTED_INCLUDE_IN_FRAMEWORK_HEADER = YES;
				CLANG_WARN_RANGE_LOOP_ANALYSIS = YES;
				CLANG_WARN_STRICT_PROTOTYPES = YES;
				CLANG_WARN_SUSPICIOUS_MOVE = YES;
				CLANG_WARN_UNGUARDED_AVAILABILITY = YES_AGGRESSIVE;
				CLANG_WARN_UNREACHABLE_CODE = YES;
				CLANG_WARN__DUPLICATE_METHOD_MATCH = YES;
				COPY_PHASE_STRIP = NO;
				DEBUG_INFORMATION_FORMAT = dwarf;
				ENABLE_STRICT_OBJC_MSGSEND = YES;
				ENABLE_TESTABILITY = YES;
				GCC_C_LANGUAGE_STANDARD = gnu11;
				GCC_DYNAMIC_NO_PIC = NO;
				GCC_NO_COMMON_BLOCKS = YES;
				GCC_OPTIMIZATION_LEVEL = 0;
				GCC_PREPROCESSOR_DEFINITIONS = (
					"DEBUG=1",
					"$(inherited)",
				);
				GCC_WARN_64_TO_32_BIT_CONVERSION = YES;
				GCC_WARN_ABOUT_RETURN_TYPE = YES_ERROR;
				GCC_WARN_UNDECLARED_SELECTOR = YES;
				GCC_WARN_UNINITIALIZED_AUTOS = YES_AGGRESSIVE;
				GCC_WARN_UNUSED_FUNCTION = YES;
				GCC_WARN_UNUSED_VARIABLE = YES;
				INFOPLIST_KEY_CFBundleDisplayName = "";
				IPHONEOS_DEPLOYMENT_TARGET = 16.2;
				MTL_ENABLE_DEBUG_INFO = INCLUDE_SOURCE;
				MTL_FAST_MATH = YES;
				ONLY_ACTIVE_ARCH = YES;
				SDKROOT = iphoneos;
				SWIFT_ACTIVE_COMPILATION_CONDITIONS = TESTING;
				SWIFT_OPTIMIZATION_LEVEL = "-Onone";
			};
			name = Testing;
		};
		93E0034D298F381100D6E494 /* Testing */ = {
			isa = XCBuildConfiguration;
			buildSettings = {
				ASSETCATALOG_COMPILER_APPICON_NAME = AppIcon;
				ASSETCATALOG_COMPILER_GLOBAL_ACCENT_COLOR_NAME = AccentColor;
				CODE_SIGN_ENTITLEMENTS = "Utah/Supporting Files/Utah.entitlements";
				CODE_SIGN_IDENTITY = "Apple Development";
				"CODE_SIGN_IDENTITY[sdk=iphoneos*]" = "iPhone Distribution";
				CODE_SIGN_STYLE = Manual;
				CURRENT_PROJECT_VERSION = 2;
				DEVELOPMENT_ASSET_PATHS = "";
				DEVELOPMENT_TEAM = "";
				"DEVELOPMENT_TEAM[sdk=iphoneos*]" = WUGMLAU6NB;
				ENABLE_PREVIEWS = YES;
				GENERATE_INFOPLIST_FILE = YES;
				INFOPLIST_FILE = "Utah/Supporting Files/Info.plist";
				INFOPLIST_KEY_CFBundleDisplayName = "U-STEP";
				INFOPLIST_KEY_NSCameraUsageDescription = "This message should never appear. Please adjust this when you start using camera information. We have to put this in here as ResearchKit has the possibility to use it and not putting it here returns an error on AppStore Connect.";
				INFOPLIST_KEY_NSHealthShareUsageDescription = "The U-STEP Application tracks step count to help you monitor how your health outcomes may change with your daily activity levels.";
				INFOPLIST_KEY_NSHealthUpdateUsageDescription = "The U-STEP Application tracks step count to help you monitor how your health outcomes may change with your daily activity levels.";
				INFOPLIST_KEY_NSLocationAlwaysAndWhenInUseUsageDescription = "This message should never appear. Please adjust this when you start using location information. We have to put this in here as ResearchKit has the possibility to use it and not putting it here returns an error on AppStore Connect.";
				INFOPLIST_KEY_NSLocationWhenInUseUsageDescription = "This message should never appear. Please adjust this when you start using location information. We have to put this in here as ResearchKit has the possibility to use it and not putting it here returns an error on AppStore Connect.";
				INFOPLIST_KEY_NSMicrophoneUsageDescription = "This message should never appear. Please adjust this when you start using microphone information. We have to put this in here as ResearchKit has the possibility to use it and not putting it here returns an error on AppStore Connect.";
				INFOPLIST_KEY_NSMotionUsageDescription = "The U-STEP Application tracks motion data to help you monitor how your health outcomes may change with your daily activity levels.";
				INFOPLIST_KEY_NSSpeechRecognitionUsageDescription = "This message should never appear. Please adjust this when you start using speecg information. We have to put this in here as ResearchKit has the possibility to use it and not putting it here returns an error on AppStore Connect.";
				INFOPLIST_KEY_UILaunchScreen_Generation = YES;
				INFOPLIST_KEY_UISupportedInterfaceOrientations = UIInterfaceOrientationPortrait;
				INFOPLIST_KEY_UISupportedInterfaceOrientations_iPad = "UIInterfaceOrientationLandscapeLeft UIInterfaceOrientationLandscapeRight UIInterfaceOrientationPortrait UIInterfaceOrientationPortraitUpsideDown";
				INFOPLIST_KEY_UITemplateApplicationlicationSceneManifest_Generation = YES;
				INFOPLIST_KEY_UITemplateApplicationlicationSupportsIndirectInputEvents = YES;
				INFOPLIST_KEY_UIUserInterfaceStyle = Light;
				IPHONEOS_DEPLOYMENT_TARGET = 16.2;
				LD_RUNPATH_SEARCH_PATHS = (
					"$(inherited)",
					"@executable_path/Frameworks",
				);
				MARKETING_VERSION = 1.1;
				NEW_SETTING = "";
				NEW_SETTING1 = "";
				PRODUCT_BUNDLE_IDENTIFIER = edu.utah.ustep;
				PRODUCT_NAME = "$(TARGET_NAME)";
				PROVISIONING_PROFILE_SPECIFIER = "";
				"PROVISIONING_PROFILE_SPECIFIER[sdk=iphoneos*]" = "UofU U-STEP Distribution";
				SUPPORTED_PLATFORMS = "iphoneos iphonesimulator";
				SUPPORTS_MACCATALYST = NO;
				SUPPORTS_MAC_DESIGNED_FOR_IPHONE_IPAD = NO;
				"SWIFT_ELicenseRef-TemplateApplication_LOC_STRINGS" = YES;
				SWIFT_VERSION = 5.0;
				TARGETED_DEVICE_FAMILY = 1;
			};
			name = Testing;
		};
		93E0034E298F381100D6E494 /* Testing */ = {
			isa = XCBuildConfiguration;
			buildSettings = {
				ALWAYS_EMBED_SWIFT_STANDARD_LIBRARIES = YES;
				BUNDLE_LOADER = "$(TEST_HOST)";
				CODE_SIGN_STYLE = Automatic;
				CURRENT_PROJECT_VERSION = 1;
				DEVELOPMENT_TEAM = 637867499T;
				GENERATE_INFOPLIST_FILE = YES;
				IPHONEOS_DEPLOYMENT_TARGET = 16.2;
				MARKETING_VERSION = 1.0;
				PRODUCT_BUNDLE_IDENTIFIER = edu.stanford.cs342.2023.utah.tests;
				PRODUCT_NAME = "$(TARGET_NAME)";
				"SWIFT_ELicenseRef-TemplateApplication_LOC_STRINGS" = NO;
				SWIFT_VERSION = 5.0;
				TARGETED_DEVICE_FAMILY = "1,2";
				TEST_HOST = "$(BUILT_PRODUCTS_DIR)/Utah.app/Utah";
			};
			name = Testing;
		};
		93E0034F298F381100D6E494 /* Testing */ = {
			isa = XCBuildConfiguration;
			buildSettings = {
				ALWAYS_EMBED_SWIFT_STANDARD_LIBRARIES = YES;
				CODE_SIGN_STYLE = Automatic;
				CURRENT_PROJECT_VERSION = 1;
				DEVELOPMENT_TEAM = 637867499T;
				GENERATE_INFOPLIST_FILE = YES;
				IPHONEOS_DEPLOYMENT_TARGET = 16.2;
				MARKETING_VERSION = 1.0;
				PRODUCT_BUNDLE_IDENTIFIER = edu.stanford.cs342.2023.utah.uitests;
				PRODUCT_NAME = "$(TARGET_NAME)";
				"SWIFT_ELicenseRef-TemplateApplication_LOC_STRINGS" = NO;
				SWIFT_VERSION = 5.0;
				TARGETED_DEVICE_FAMILY = "1,2";
				TEST_TARGET_NAME = Utah;
			};
			name = Testing;
		};
/* End XCBuildConfiguration section */

/* Begin XCConfigurationList section */
		653A2548283387FE005D4D48 /* Build configuration list for PBXProject "Utah" */ = {
			isa = XCConfigurationList;
			buildConfigurations = (
				653A256F28338800005D4D48 /* Debug */,
				93E0034C298F381100D6E494 /* Testing */,
				653A257028338800005D4D48 /* Release */,
			);
			defaultConfigurationIsVisible = 0;
			defaultConfigurationName = Release;
		};
		653A257128338800005D4D48 /* Build configuration list for PBXNativeTarget "U-STEP" */ = {
			isa = XCConfigurationList;
			buildConfigurations = (
				653A257228338800005D4D48 /* Debug */,
				93E0034D298F381100D6E494 /* Testing */,
				653A257328338800005D4D48 /* Release */,
			);
			defaultConfigurationIsVisible = 0;
			defaultConfigurationName = Release;
		};
		653A257428338800005D4D48 /* Build configuration list for PBXNativeTarget "UtahTests" */ = {
			isa = XCConfigurationList;
			buildConfigurations = (
				653A257528338800005D4D48 /* Debug */,
				93E0034E298F381100D6E494 /* Testing */,
				653A257628338800005D4D48 /* Release */,
			);
			defaultConfigurationIsVisible = 0;
			defaultConfigurationName = Release;
		};
		653A257728338800005D4D48 /* Build configuration list for PBXNativeTarget "UtahUITests" */ = {
			isa = XCConfigurationList;
			buildConfigurations = (
				653A257828338800005D4D48 /* Debug */,
				93E0034F298F381100D6E494 /* Testing */,
				653A257928338800005D4D48 /* Release */,
			);
			defaultConfigurationIsVisible = 0;
			defaultConfigurationName = Release;
		};
/* End XCConfigurationList section */

/* Begin XCRemoteSwiftPackageReference section */
		277B0AAD2A3109E5001312BC /* XCRemoteSwiftPackageReference "Spezi" */ = {
			isa = XCRemoteSwiftPackageReference;
			repositoryURL = "https://github.com/StanfordSpezi/Spezi.git";
			requirement = {
				kind = upToNextMajorVersion;
				minimumVersion = 0.5.1;
			};
		};
		277B0AB22A310A10001312BC /* XCRemoteSwiftPackageReference "SpeziHealthKit" */ = {
			isa = XCRemoteSwiftPackageReference;
			repositoryURL = "https://github.com/StanfordSpezi/SpeziHealthKit.git";
			requirement = {
				kind = upToNextMajorVersion;
				minimumVersion = 0.2.1;
			};
		};
		277B0AB52A310A36001312BC /* XCRemoteSwiftPackageReference "SpeziQuestionnaire" */ = {
			isa = XCRemoteSwiftPackageReference;
			repositoryURL = "https://github.com/StanfordSpezi/SpeziQuestionnaire.git";
			requirement = {
				kind = upToNextMajorVersion;
				minimumVersion = 0.3.0;
			};
		};
		277B0AB82A310A51001312BC /* XCRemoteSwiftPackageReference "SpeziScheduler" */ = {
			isa = XCRemoteSwiftPackageReference;
			repositoryURL = "https://github.com/StanfordSpezi/SpeziScheduler.git";
			requirement = {
				kind = upToNextMajorVersion;
				minimumVersion = 0.4.1;
			};
		};
		277B0ABB2A310AA5001312BC /* XCRemoteSwiftPackageReference "SpeziFHIR" */ = {
			isa = XCRemoteSwiftPackageReference;
			repositoryURL = "https://github.com/StanfordSpezi/SpeziFHIR.git";
			requirement = {
				kind = upToNextMajorVersion;
				minimumVersion = 0.3.0;
			};
		};
		277B0AC02A310AC8001312BC /* XCRemoteSwiftPackageReference "SpeziFirebase" */ = {
			isa = XCRemoteSwiftPackageReference;
			repositoryURL = "https://github.com/StanfordSpezi/SpeziFirebase.git";
			requirement = {
				kind = upToNextMajorVersion;
				minimumVersion = 0.3.0;
			};
		};
		277B0AC92A310AE8001312BC /* XCRemoteSwiftPackageReference "SpeziOnboarding" */ = {
			isa = XCRemoteSwiftPackageReference;
			repositoryURL = "https://github.com/StanfordSpezi/SpeziOnboarding.git";
			requirement = {
				kind = upToNextMajorVersion;
				minimumVersion = 0.3.0;
			};
		};
		277B0ACC2A310B00001312BC /* XCRemoteSwiftPackageReference "SpeziStorage" */ = {
			isa = XCRemoteSwiftPackageReference;
			repositoryURL = "https://github.com/StanfordSpezi/SpeziStorage.git";
			requirement = {
				kind = upToNextMajorVersion;
				minimumVersion = 0.3.1;
			};
		};
		277B0AD12A310B24001312BC /* XCRemoteSwiftPackageReference "SpeziViews" */ = {
			isa = XCRemoteSwiftPackageReference;
			repositoryURL = "https://github.com/StanfordSpezi/SpeziViews.git";
			requirement = {
				kind = upToNextMajorVersion;
				minimumVersion = 0.3.0;
			};
		};
		277B0AD42A310C5F001312BC /* XCRemoteSwiftPackageReference "SpeziFHIRtoFirestoreAdapter" */ = {
			isa = XCRemoteSwiftPackageReference;
			repositoryURL = "https://github.com/StanfordSpezi/SpeziFHIRtoFirestoreAdapter.git";
			requirement = {
				kind = upToNextMajorVersion;
				minimumVersion = 0.3.0;
			};
		};
		277B0AD72A310C77001312BC /* XCRemoteSwiftPackageReference "SpeziAccount" */ = {
			isa = XCRemoteSwiftPackageReference;
			repositoryURL = "https://github.com/StanfordSpezi/SpeziAccount.git";
			requirement = {
				kind = upToNextMajorVersion;
				minimumVersion = 0.3.0;
			};
		};
		277B0ADA2A310FD8001312BC /* XCRemoteSwiftPackageReference "SpeziHealthKitToFHIRAdapter" */ = {
			isa = XCRemoteSwiftPackageReference;
			repositoryURL = "https://github.com/StanfordSpezi/SpeziHealthKitToFHIRAdapter.git";
			requirement = {
				kind = upToNextMajorVersion;
				minimumVersion = 0.3.0;
			};
		};
		27A40B942A31F16E00B9DA45 /* XCRemoteSwiftPackageReference "XCTestExtensions" */ = {
			isa = XCRemoteSwiftPackageReference;
			repositoryURL = "https://github.com/StanfordBDHG/XCTestExtensions.git";
			requirement = {
				kind = upToNextMajorVersion;
				minimumVersion = 0.4.2;
			};
		};
		27A40B972A31F17B00B9DA45 /* XCRemoteSwiftPackageReference "XCTHealthKit" */ = {
			isa = XCRemoteSwiftPackageReference;
			repositoryURL = "https://github.com/StanfordBDHG/XCTHealthKit.git";
			requirement = {
				kind = upToNextMajorVersion;
				minimumVersion = 0.3.3;
			};
		};
		27BC3A3D2A31F2D3009495C3 /* XCRemoteSwiftPackageReference "firebase-ios-sdk" */ = {
			isa = XCRemoteSwiftPackageReference;
			repositoryURL = "https://github.com/firebase/firebase-ios-sdk.git";
			requirement = {
				kind = upToNextMajorVersion;
				minimumVersion = 10.0.0;
			};
		};
		4DB139662BAB74F700E919B8 /* XCRemoteSwiftPackageReference "ResearchKitOnFHIR" */ = {
			isa = XCRemoteSwiftPackageReference;
			repositoryURL = "https://github.com/StanfordBDHG/ResearchKitOnFHIR.git";
			requirement = {
				branch = main;
				kind = branch;
			};
		};
		93CD053529A0430400CC9DFB /* XCRemoteSwiftPackageReference "ResearchKit" */ = {
			isa = XCRemoteSwiftPackageReference;
			repositoryURL = "https://github.com/StanfordBDHG/ResearchKit";
			requirement = {
				kind = upToNextMajorVersion;
				minimumVersion = 2.2.8;
			};
		};
/* End XCRemoteSwiftPackageReference section */

/* Begin XCSwiftPackageProductDependency section */
		277B0AAE2A3109E5001312BC /* Spezi */ = {
			isa = XCSwiftPackageProductDependency;
			package = 277B0AAD2A3109E5001312BC /* XCRemoteSwiftPackageReference "Spezi" */;
			productName = Spezi;
		};
		277B0AB32A310A10001312BC /* SpeziHealthKit */ = {
			isa = XCSwiftPackageProductDependency;
			package = 277B0AB22A310A10001312BC /* XCRemoteSwiftPackageReference "SpeziHealthKit" */;
			productName = SpeziHealthKit;
		};
		277B0AB62A310A36001312BC /* SpeziQuestionnaire */ = {
			isa = XCSwiftPackageProductDependency;
			package = 277B0AB52A310A36001312BC /* XCRemoteSwiftPackageReference "SpeziQuestionnaire" */;
			productName = SpeziQuestionnaire;
		};
		277B0AB92A310A51001312BC /* SpeziScheduler */ = {
			isa = XCSwiftPackageProductDependency;
			package = 277B0AB82A310A51001312BC /* XCRemoteSwiftPackageReference "SpeziScheduler" */;
			productName = SpeziScheduler;
		};
		277B0ABC2A310AA5001312BC /* SpeziFHIR */ = {
			isa = XCSwiftPackageProductDependency;
			package = 277B0ABB2A310AA5001312BC /* XCRemoteSwiftPackageReference "SpeziFHIR" */;
			productName = SpeziFHIR;
		};
		277B0ABE2A310AA5001312BC /* SpeziFHIRMockDataStorageProvider */ = {
			isa = XCSwiftPackageProductDependency;
			package = 277B0ABB2A310AA5001312BC /* XCRemoteSwiftPackageReference "SpeziFHIR" */;
			productName = SpeziFHIRMockDataStorageProvider;
		};
		277B0AC12A310AC8001312BC /* SpeziFirebaseAccount */ = {
			isa = XCSwiftPackageProductDependency;
			package = 277B0AC02A310AC8001312BC /* XCRemoteSwiftPackageReference "SpeziFirebase" */;
			productName = SpeziFirebaseAccount;
		};
		277B0AC32A310AC8001312BC /* SpeziFirebaseConfiguration */ = {
			isa = XCSwiftPackageProductDependency;
			package = 277B0AC02A310AC8001312BC /* XCRemoteSwiftPackageReference "SpeziFirebase" */;
			productName = SpeziFirebaseConfiguration;
		};
		277B0AC52A310AC8001312BC /* SpeziFirestore */ = {
			isa = XCSwiftPackageProductDependency;
			package = 277B0AC02A310AC8001312BC /* XCRemoteSwiftPackageReference "SpeziFirebase" */;
			productName = SpeziFirestore;
		};
		277B0AC72A310AC8001312BC /* SpeziFirestorePrefixUserIdAdapter */ = {
			isa = XCSwiftPackageProductDependency;
			package = 277B0AC02A310AC8001312BC /* XCRemoteSwiftPackageReference "SpeziFirebase" */;
			productName = SpeziFirestorePrefixUserIdAdapter;
		};
		277B0ACA2A310AE8001312BC /* SpeziOnboarding */ = {
			isa = XCSwiftPackageProductDependency;
			package = 277B0AC92A310AE8001312BC /* XCRemoteSwiftPackageReference "SpeziOnboarding" */;
			productName = SpeziOnboarding;
		};
		277B0ACD2A310B00001312BC /* SpeziLocalStorage */ = {
			isa = XCSwiftPackageProductDependency;
			package = 277B0ACC2A310B00001312BC /* XCRemoteSwiftPackageReference "SpeziStorage" */;
			productName = SpeziLocalStorage;
		};
		277B0ACF2A310B00001312BC /* SpeziSecureStorage */ = {
			isa = XCSwiftPackageProductDependency;
			package = 277B0ACC2A310B00001312BC /* XCRemoteSwiftPackageReference "SpeziStorage" */;
			productName = SpeziSecureStorage;
		};
		277B0AD22A310B25001312BC /* SpeziViews */ = {
			isa = XCSwiftPackageProductDependency;
			package = 277B0AD12A310B24001312BC /* XCRemoteSwiftPackageReference "SpeziViews" */;
			productName = SpeziViews;
		};
		277B0AD52A310C60001312BC /* SpeziFHIRToFirestoreAdapter */ = {
			isa = XCSwiftPackageProductDependency;
			package = 277B0AD42A310C5F001312BC /* XCRemoteSwiftPackageReference "SpeziFHIRtoFirestoreAdapter" */;
			productName = SpeziFHIRToFirestoreAdapter;
		};
		277B0AD82A310C77001312BC /* SpeziAccount */ = {
			isa = XCSwiftPackageProductDependency;
			package = 277B0AD72A310C77001312BC /* XCRemoteSwiftPackageReference "SpeziAccount" */;
			productName = SpeziAccount;
		};
		277B0ADB2A310FD8001312BC /* SpeziHealthKitToFHIRAdapter */ = {
			isa = XCSwiftPackageProductDependency;
			package = 277B0ADA2A310FD8001312BC /* XCRemoteSwiftPackageReference "SpeziHealthKitToFHIRAdapter" */;
			productName = SpeziHealthKitToFHIRAdapter;
		};
		27A40B952A31F16E00B9DA45 /* XCTestExtensions */ = {
			isa = XCSwiftPackageProductDependency;
			package = 27A40B942A31F16E00B9DA45 /* XCRemoteSwiftPackageReference "XCTestExtensions" */;
			productName = XCTestExtensions;
		};
		27A40B982A31F17B00B9DA45 /* XCTHealthKit */ = {
			isa = XCSwiftPackageProductDependency;
			package = 27A40B972A31F17B00B9DA45 /* XCRemoteSwiftPackageReference "XCTHealthKit" */;
			productName = XCTHealthKit;
		};
		27BC3A3E2A31F2D3009495C3 /* FirebaseAuth */ = {
			isa = XCSwiftPackageProductDependency;
			package = 27BC3A3D2A31F2D3009495C3 /* XCRemoteSwiftPackageReference "firebase-ios-sdk" */;
			productName = FirebaseAuth;
		};
		27BC3A402A31F2D3009495C3 /* FirebaseFirestore */ = {
			isa = XCSwiftPackageProductDependency;
			package = 27BC3A3D2A31F2D3009495C3 /* XCRemoteSwiftPackageReference "firebase-ios-sdk" */;
			productName = FirebaseFirestore;
		};
		27BC3A422A31F2D3009495C3 /* FirebaseFirestoreSwift */ = {
			isa = XCSwiftPackageProductDependency;
			package = 27BC3A3D2A31F2D3009495C3 /* XCRemoteSwiftPackageReference "firebase-ios-sdk" */;
			productName = FirebaseFirestoreSwift;
		};
		27BC3A442A31F2D3009495C3 /* FirebaseStorage */ = {
			isa = XCSwiftPackageProductDependency;
			package = 27BC3A3D2A31F2D3009495C3 /* XCRemoteSwiftPackageReference "firebase-ios-sdk" */;
			productName = FirebaseStorage;
		};
		2F59B940298C628800C5107F /* UtahOnboardingFlow */ = {
			isa = XCSwiftPackageProductDependency;
			productName = UtahOnboardingFlow;
		};
		2F59B942298C628800C5107F /* UtahSchedule */ = {
			isa = XCSwiftPackageProductDependency;
			productName = UtahSchedule;
		};
		2F59B944298C628800C5107F /* UtahSharedContext */ = {
			isa = XCSwiftPackageProductDependency;
			productName = UtahSharedContext;
		};
		4DB139672BAB74F700E919B8 /* FHIRQuestionnaires */ = {
			isa = XCSwiftPackageProductDependency;
			package = 4DB139662BAB74F700E919B8 /* XCRemoteSwiftPackageReference "ResearchKitOnFHIR" */;
			productName = FHIRQuestionnaires;
		};
		4DB139692BAB74F700E919B8 /* ResearchKitOnFHIR */ = {
			isa = XCSwiftPackageProductDependency;
			package = 4DB139662BAB74F700E919B8 /* XCRemoteSwiftPackageReference "ResearchKitOnFHIR" */;
			productName = ResearchKitOnFHIR;
		};
		93CD053629A0430400CC9DFB /* ResearchKit */ = {
			isa = XCSwiftPackageProductDependency;
			package = 93CD053529A0430400CC9DFB /* XCRemoteSwiftPackageReference "ResearchKit" */;
			productName = ResearchKit;
		};
		93E00343298DC9EB00D6E494 /* UtahProfile */ = {
			isa = XCSwiftPackageProductDependency;
			productName = UtahProfile;
		};
		93E00345298DCF6400D6E494 /* UtahTrends */ = {
			isa = XCSwiftPackageProductDependency;
			productName = UtahTrends;
		};
/* End XCSwiftPackageProductDependency section */
	};
	rootObject = 653A2545283387FE005D4D48 /* Project object */;
}
